// !$*UTF8*$!
{
	archiveVersion = 1;
	classes = {
	};
	objectVersion = 50;
	objects = {

/* Begin PBXBuildFile section */
		0B348D532672087900404EF4 /* BaseModality.storyboard in Resources */ = {isa = PBXBuildFile; fileRef = 0B348D522672087900404EF4 /* BaseModality.storyboard */; settings = {ASSET_TAGS = (11, ); }; };
		0B348D582672089400404EF4 /* ModalityViewController.swift in Sources */ = {isa = PBXBuildFile; fileRef = 0B348D572672089400404EF4 /* ModalityViewController.swift */; };
		0B348D5D26720E4B00404EF4 /* BaseModalityViewController.swift in Sources */ = {isa = PBXBuildFile; fileRef = 0B348D5C26720E4B00404EF4 /* BaseModalityViewController.swift */; };
		0B64588E2673643D005DAD2B /* Mode1Board.storyboard in Resources */ = {isa = PBXBuildFile; fileRef = 0B64588C2673643D005DAD2B /* Mode1Board.storyboard */; };
		0B64588F2673643D005DAD2B /* Mode1ViewController.swift in Sources */ = {isa = PBXBuildFile; fileRef = 0B64588D2673643D005DAD2B /* Mode1ViewController.swift */; };
		0BD9BB182673A8A9005DD71E /* C-Am-Dm low.mp3 in Resources */ = {isa = PBXBuildFile; fileRef = 0BD9BADE2673A8A9005DD71E /* C-Am-Dm low.mp3 */; };
		0BD9BB192673A8A9005DD71E /* E-C#m-F#m.mp3 in Resources */ = {isa = PBXBuildFile; fileRef = 0BD9BADF2673A8A9005DD71E /* E-C#m-F#m.mp3 */; };
		0BD9BB1A2673A8A9005DD71E /* E-A-B.mp3 in Resources */ = {isa = PBXBuildFile; fileRef = 0BD9BAE02673A8A9005DD71E /* E-A-B.mp3 */; };
		0BD9BB1B2673A8A9005DD71E /* D-G-A.mp3 in Resources */ = {isa = PBXBuildFile; fileRef = 0BD9BAE12673A8A9005DD71E /* D-G-A.mp3 */; };
		0BD9BB1C2673A8A9005DD71E /* C-Am-Dm.mp3 in Resources */ = {isa = PBXBuildFile; fileRef = 0BD9BAE22673A8A9005DD71E /* C-Am-Dm.mp3 */; };
		0BD9BB1D2673A8A9005DD71E /* D-Bm-Em.mp3 in Resources */ = {isa = PBXBuildFile; fileRef = 0BD9BAE32673A8A9005DD71E /* D-Bm-Em.mp3 */; };
		0BD9BB1E2673A8A9005DD71E /* G-C-D.mp3 in Resources */ = {isa = PBXBuildFile; fileRef = 0BD9BAE42673A8A9005DD71E /* G-C-D.mp3 */; };
		0BD9BB1F2673A8A9005DD71E /* Dm-G-C.mp3 in Resources */ = {isa = PBXBuildFile; fileRef = 0BD9BAE52673A8A9005DD71E /* Dm-G-C.mp3 */; };
		0BD9BB202673A8A9005DD71E /* G-Em-Am.mp3 in Resources */ = {isa = PBXBuildFile; fileRef = 0BD9BAE62673A8A9005DD71E /* G-Em-Am.mp3 */; };
		0BD9BB212673A8A9005DD71E /* A-D-E.mp3 in Resources */ = {isa = PBXBuildFile; fileRef = 0BD9BAE72673A8A9005DD71E /* A-D-E.mp3 */; };
		0BD9BB222673A8A9005DD71E /* C-F-G.mp3 in Resources */ = {isa = PBXBuildFile; fileRef = 0BD9BAE82673A8A9005DD71E /* C-F-G.mp3 */; };
		0BD9BB232673A8A9005DD71E /* Dm-G.mp3 in Resources */ = {isa = PBXBuildFile; fileRef = 0BD9BAEA2673A8A9005DD71E /* Dm-G.mp3 */; };
		0BD9BB242673A8A9005DD71E /* C-Am.mp3 in Resources */ = {isa = PBXBuildFile; fileRef = 0BD9BAEB2673A8A9005DD71E /* C-Am.mp3 */; };
		0BD9BB252673A8A9005DD71E /* G-A.mp3 in Resources */ = {isa = PBXBuildFile; fileRef = 0BD9BAEC2673A8A9005DD71E /* G-A.mp3 */; };
		0BD9BB262673A8A9005DD71E /* A-D.mp3 in Resources */ = {isa = PBXBuildFile; fileRef = 0BD9BAED2673A8A9005DD71E /* A-D.mp3 */; };
		0BD9BB272673A8A9005DD71E /* C-F.mp3 in Resources */ = {isa = PBXBuildFile; fileRef = 0BD9BAEE2673A8A9005DD71E /* C-F.mp3 */; };
		0BD9BB282673A8A9005DD71E /* G-C.mp3 in Resources */ = {isa = PBXBuildFile; fileRef = 0BD9BAEF2673A8A9005DD71E /* G-C.mp3 */; };
		0BD9BB292673A8A9005DD71E /* D-Bm.mp3 in Resources */ = {isa = PBXBuildFile; fileRef = 0BD9BAF02673A8A9005DD71E /* D-Bm.mp3 */; };
		0BD9BB2A2673A8A9005DD71E /* D-G.mp3 in Resources */ = {isa = PBXBuildFile; fileRef = 0BD9BAF12673A8A9005DD71E /* D-G.mp3 */; };
		0BD9BB2B2673A8A9005DD71E /* F-G.mp3 in Resources */ = {isa = PBXBuildFile; fileRef = 0BD9BAF22673A8A9005DD71E /* F-G.mp3 */; };
		0BD9BB2C2673A8A9005DD71E /* Em-A.mp3 in Resources */ = {isa = PBXBuildFile; fileRef = 0BD9BAF32673A8A9005DD71E /* Em-A.mp3 */; };
		0BD9BB2D2673A8A9005DD71E /* G-Em-Am-D.mp3 in Resources */ = {isa = PBXBuildFile; fileRef = 0BD9BAF52673A8A9005DD71E /* G-Em-Am-D.mp3 */; };
		0BD9BB2E2673A8A9005DD71E /* G-D-G-C.mp3 in Resources */ = {isa = PBXBuildFile; fileRef = 0BD9BAF62673A8A9005DD71E /* G-D-G-C.mp3 */; };
		0BD9BB2F2673A8A9005DD71E /* D-G-Bm-A.mp3 in Resources */ = {isa = PBXBuildFile; fileRef = 0BD9BAF72673A8A9005DD71E /* D-G-Bm-A.mp3 */; };
		0BD9BB302673A8A9005DD71E /* D-A-D-G.mp3 in Resources */ = {isa = PBXBuildFile; fileRef = 0BD9BAF82673A8A9005DD71E /* D-A-D-G.mp3 */; };
		0BD9BB312673A8A9005DD71E /* D-F#m-Em-A.mp3 in Resources */ = {isa = PBXBuildFile; fileRef = 0BD9BAF92673A8A9005DD71E /* D-F#m-Em-A.mp3 */; };
		0BD9BB322673A8A9005DD71E /* G-C-Em-D.mp3 in Resources */ = {isa = PBXBuildFile; fileRef = 0BD9BAFA2673A8A9005DD71E /* G-C-Em-D.mp3 */; };
		0BD9BB332673A8A9005DD71E /* A-F#m-B#m-E.mp3 in Resources */ = {isa = PBXBuildFile; fileRef = 0BD9BAFB2673A8A9005DD71E /* A-F#m-B#m-E.mp3 */; };
		0BD9BB342673A8A9005DD71E /* C-F-Am-G.mp3 in Resources */ = {isa = PBXBuildFile; fileRef = 0BD9BAFC2673A8A9005DD71E /* C-F-Am-G.mp3 */; };
		0BD9BB352673A8A9005DD71E /* C-Am-Dm-G.mp3 in Resources */ = {isa = PBXBuildFile; fileRef = 0BD9BAFD2673A8A9005DD71E /* C-Am-Dm-G.mp3 */; };
		0BD9BB362673A8A9005DD71E /* C-G-C-F.mp3 in Resources */ = {isa = PBXBuildFile; fileRef = 0BD9BAFE2673A8A9005DD71E /* C-G-C-F.mp3 */; };
		0BD9BB372673A8A9005DD71E /* A.mp3 in Resources */ = {isa = PBXBuildFile; fileRef = 0BD9BB002673A8A9005DD71E /* A.mp3 */; };
		0BD9BB382673A8A9005DD71E /* am.mp3 in Resources */ = {isa = PBXBuildFile; fileRef = 0BD9BB012673A8A9005DD71E /* am.mp3 */; };
		0BD9BB392673A8A9005DD71E /* B.mp3 in Resources */ = {isa = PBXBuildFile; fileRef = 0BD9BB022673A8A9005DD71E /* B.mp3 */; };
		0BD9BB3A2673A8A9005DD71E /* C.mp3 in Resources */ = {isa = PBXBuildFile; fileRef = 0BD9BB032673A8A9005DD71E /* C.mp3 */; };
		0BD9BB3B2673A8A9005DD71E /* C#.mp3 in Resources */ = {isa = PBXBuildFile; fileRef = 0BD9BB042673A8A9005DD71E /* C#.mp3 */; };
		0BD9BB3C2673A8A9005DD71E /* G.mp3 in Resources */ = {isa = PBXBuildFile; fileRef = 0BD9BB052673A8A9005DD71E /* G.mp3 */; };
		0BD9BB3D2673A8A9005DD71E /* F.mp3 in Resources */ = {isa = PBXBuildFile; fileRef = 0BD9BB062673A8A9005DD71E /* F.mp3 */; };
		0BD9BB3E2673A8A9005DD71E /* D.mp3 in Resources */ = {isa = PBXBuildFile; fileRef = 0BD9BB072673A8A9005DD71E /* D.mp3 */; };
		0BD9BB3F2673A8A9005DD71E /* E.mp3 in Resources */ = {isa = PBXBuildFile; fileRef = 0BD9BB082673A8A9005DD71E /* E.mp3 */; };
		0BD9BB402673A8A9005DD71E /* D#.mp3 in Resources */ = {isa = PBXBuildFile; fileRef = 0BD9BB092673A8A9005DD71E /* D#.mp3 */; };
		0BD9BB412673A8A9005DD71E /* gm.mp3 in Resources */ = {isa = PBXBuildFile; fileRef = 0BD9BB0A2673A8A9005DD71E /* gm.mp3 */; };
		0BD9BB422673A8A9005DD71E /* fm.mp3 in Resources */ = {isa = PBXBuildFile; fileRef = 0BD9BB0B2673A8A9005DD71E /* fm.mp3 */; };
		0BD9BB432673A8A9005DD71E /* F#.mp3 in Resources */ = {isa = PBXBuildFile; fileRef = 0BD9BB0C2673A8A9005DD71E /* F#.mp3 */; };
		0BD9BB442673A8A9005DD71E /* g#m.mp3 in Resources */ = {isa = PBXBuildFile; fileRef = 0BD9BB0D2673A8A9005DD71E /* g#m.mp3 */; };
		0BD9BB452673A8A9005DD71E /* em.mp3 in Resources */ = {isa = PBXBuildFile; fileRef = 0BD9BB0E2673A8A9005DD71E /* em.mp3 */; };
		0BD9BB462673A8A9005DD71E /* dm.mp3 in Resources */ = {isa = PBXBuildFile; fileRef = 0BD9BB0F2673A8A9005DD71E /* dm.mp3 */; };
		0BD9BB472673A8A9005DD71E /* a#m.mp3 in Resources */ = {isa = PBXBuildFile; fileRef = 0BD9BB102673A8A9005DD71E /* a#m.mp3 */; };
		0BD9BB482673A8A9005DD71E /* c#m.mp3 in Resources */ = {isa = PBXBuildFile; fileRef = 0BD9BB112673A8A9005DD71E /* c#m.mp3 */; };
		0BD9BB492673A8A9005DD71E /* G#.mp3 in Resources */ = {isa = PBXBuildFile; fileRef = 0BD9BB122673A8A9005DD71E /* G#.mp3 */; };
		0BD9BB4A2673A8A9005DD71E /* d#m.mp3 in Resources */ = {isa = PBXBuildFile; fileRef = 0BD9BB132673A8A9005DD71E /* d#m.mp3 */; };
		0BD9BB4B2673A8A9005DD71E /* cm.mp3 in Resources */ = {isa = PBXBuildFile; fileRef = 0BD9BB142673A8A9005DD71E /* cm.mp3 */; };
		0BD9BB4C2673A8A9005DD71E /* f#m.mp3 in Resources */ = {isa = PBXBuildFile; fileRef = 0BD9BB152673A8A9005DD71E /* f#m.mp3 */; };
		0BD9BB4D2673A8A9005DD71E /* A#.mp3 in Resources */ = {isa = PBXBuildFile; fileRef = 0BD9BB162673A8A9005DD71E /* A#.mp3 */; };
		0BD9BB4E2673A8A9005DD71E /* bm.mp3 in Resources */ = {isa = PBXBuildFile; fileRef = 0BD9BB172673A8A9005DD71E /* bm.mp3 */; };
		55F130FA2669EF23008BFC97 /* AppDelegate.swift in Sources */ = {isa = PBXBuildFile; fileRef = 55F130F92669EF23008BFC97 /* AppDelegate.swift */; };
		55F130FC2669EF23008BFC97 /* SceneDelegate.swift in Sources */ = {isa = PBXBuildFile; fileRef = 55F130FB2669EF23008BFC97 /* SceneDelegate.swift */; };
		55F131012669EF23008BFC97 /* Main.storyboard in Resources */ = {isa = PBXBuildFile; fileRef = 55F130FF2669EF23008BFC97 /* Main.storyboard */; };
		55F131042669EF23008BFC97 /* GoJreng.xcdatamodeld in Sources */ = {isa = PBXBuildFile; fileRef = 55F131022669EF23008BFC97 /* GoJreng.xcdatamodeld */; };
		55F131062669EF26008BFC97 /* Assets.xcassets in Resources */ = {isa = PBXBuildFile; fileRef = 55F131052669EF26008BFC97 /* Assets.xcassets */; };
		55F131092669EF26008BFC97 /* LaunchScreen.storyboard in Resources */ = {isa = PBXBuildFile; fileRef = 55F131072669EF26008BFC97 /* LaunchScreen.storyboard */; };
		55F131142669EF26008BFC97 /* GoJrengTests.swift in Sources */ = {isa = PBXBuildFile; fileRef = 55F131132669EF26008BFC97 /* GoJrengTests.swift */; };
		55F1311F2669EF26008BFC97 /* GoJrengUITests.swift in Sources */ = {isa = PBXBuildFile; fileRef = 55F1311E2669EF26008BFC97 /* GoJrengUITests.swift */; };
		55F131362669EF9A008BFC97 /* HomeViewController.swift in Sources */ = {isa = PBXBuildFile; fileRef = 55F131352669EF9A008BFC97 /* HomeViewController.swift */; };
		55F131DB2672002E008BFC97 /* ExitPresentationController.swift in Sources */ = {isa = PBXBuildFile; fileRef = 55F131DA2672002E008BFC97 /* ExitPresentationController.swift */; };
		55F131E326720187008BFC97 /* ExitOverlayView.xib in Resources */ = {isa = PBXBuildFile; fileRef = 55F131E226720187008BFC97 /* ExitOverlayView.xib */; };
		55F131F026720A63008BFC97 /* ExitOverlayView.swift in Sources */ = {isa = PBXBuildFile; fileRef = 55F131EF26720A63008BFC97 /* ExitOverlayView.swift */; };
		84364171266F76B40060A9CE /* UnlockTableViewCell.swift in Sources */ = {isa = PBXBuildFile; fileRef = 8436416F266F76B40060A9CE /* UnlockTableViewCell.swift */; };
		84364172266F76B40060A9CE /* UnlockTableViewCell.xib in Resources */ = {isa = PBXBuildFile; fileRef = 84364170266F76B40060A9CE /* UnlockTableViewCell.xib */; };
		84364180266F8DC40060A9CE /* LockedTableViewCell.swift in Sources */ = {isa = PBXBuildFile; fileRef = 8436417E266F8DC40060A9CE /* LockedTableViewCell.swift */; };
		84364181266F8DC40060A9CE /* LockedTableViewCell.xib in Resources */ = {isa = PBXBuildFile; fileRef = 8436417F266F8DC40060A9CE /* LockedTableViewCell.xib */; };
		95E254DA2670A65900BB39D8 /* GoJrengColors.swift in Sources */ = {isa = PBXBuildFile; fileRef = 95E254D92670A65900BB39D8 /* GoJrengColors.swift */; };
		A5CCC0AE267374A7006F2F42 /* FeedbackPageViewController.swift in Sources */ = {isa = PBXBuildFile; fileRef = A5CCC0AC267374A7006F2F42 /* FeedbackPageViewController.swift */; };
		A5CCC0AF267374A7006F2F42 /* FeedbackPage.storyboard in Resources */ = {isa = PBXBuildFile; fileRef = A5CCC0AD267374A7006F2F42 /* FeedbackPage.storyboard */; };
		B5B7AFB32672743000A2F263 /* StagesData.swift in Sources */ = {isa = PBXBuildFile; fileRef = B5B7AFB22672743000A2F263 /* StagesData.swift */; };
		B5E6E1A2266FBD53004C3CBD /* Stages.swift in Sources */ = {isa = PBXBuildFile; fileRef = B5E6E1A1266FBD53004C3CBD /* Stages.swift */; };
		B5FBC109266FBEDC008CA574 /* QuestionsAnswers.swift in Sources */ = {isa = PBXBuildFile; fileRef = B5FBC108266FBEDC008CA574 /* QuestionsAnswers.swift */; };
/* End PBXBuildFile section */

/* Begin PBXContainerItemProxy section */
		55F131102669EF26008BFC97 /* PBXContainerItemProxy */ = {
			isa = PBXContainerItemProxy;
			containerPortal = 55F130EE2669EF23008BFC97 /* Project object */;
			proxyType = 1;
			remoteGlobalIDString = 55F130F52669EF23008BFC97;
			remoteInfo = GoJreng;
		};
		55F1311B2669EF26008BFC97 /* PBXContainerItemProxy */ = {
			isa = PBXContainerItemProxy;
			containerPortal = 55F130EE2669EF23008BFC97 /* Project object */;
			proxyType = 1;
			remoteGlobalIDString = 55F130F52669EF23008BFC97;
			remoteInfo = GoJreng;
		};
/* End PBXContainerItemProxy section */

/* Begin PBXFileReference section */
		0B348D522672087900404EF4 /* BaseModality.storyboard */ = {isa = PBXFileReference; lastKnownFileType = file.storyboard; path = BaseModality.storyboard; sourceTree = "<group>"; };
		0B348D572672089400404EF4 /* ModalityViewController.swift */ = {isa = PBXFileReference; lastKnownFileType = sourcecode.swift; path = ModalityViewController.swift; sourceTree = "<group>"; };
		0B348D5C26720E4B00404EF4 /* BaseModalityViewController.swift */ = {isa = PBXFileReference; lastKnownFileType = sourcecode.swift; path = BaseModalityViewController.swift; sourceTree = "<group>"; };
		0B64588C2673643D005DAD2B /* Mode1Board.storyboard */ = {isa = PBXFileReference; fileEncoding = 4; lastKnownFileType = file.storyboard; path = Mode1Board.storyboard; sourceTree = "<group>"; };
		0B64588D2673643D005DAD2B /* Mode1ViewController.swift */ = {isa = PBXFileReference; fileEncoding = 4; lastKnownFileType = sourcecode.swift; path = Mode1ViewController.swift; sourceTree = "<group>"; };
		0BD9BADE2673A8A9005DD71E /* C-Am-Dm low.mp3 */ = {isa = PBXFileReference; lastKnownFileType = audio.mp3; path = "C-Am-Dm low.mp3"; sourceTree = "<group>"; };
		0BD9BADF2673A8A9005DD71E /* E-C#m-F#m.mp3 */ = {isa = PBXFileReference; lastKnownFileType = audio.mp3; path = "E-C#m-F#m.mp3"; sourceTree = "<group>"; };
		0BD9BAE02673A8A9005DD71E /* E-A-B.mp3 */ = {isa = PBXFileReference; lastKnownFileType = audio.mp3; path = "E-A-B.mp3"; sourceTree = "<group>"; };
		0BD9BAE12673A8A9005DD71E /* D-G-A.mp3 */ = {isa = PBXFileReference; lastKnownFileType = audio.mp3; path = "D-G-A.mp3"; sourceTree = "<group>"; };
		0BD9BAE22673A8A9005DD71E /* C-Am-Dm.mp3 */ = {isa = PBXFileReference; lastKnownFileType = audio.mp3; path = "C-Am-Dm.mp3"; sourceTree = "<group>"; };
		0BD9BAE32673A8A9005DD71E /* D-Bm-Em.mp3 */ = {isa = PBXFileReference; lastKnownFileType = audio.mp3; path = "D-Bm-Em.mp3"; sourceTree = "<group>"; };
		0BD9BAE42673A8A9005DD71E /* G-C-D.mp3 */ = {isa = PBXFileReference; lastKnownFileType = audio.mp3; path = "G-C-D.mp3"; sourceTree = "<group>"; };
		0BD9BAE52673A8A9005DD71E /* Dm-G-C.mp3 */ = {isa = PBXFileReference; lastKnownFileType = audio.mp3; path = "Dm-G-C.mp3"; sourceTree = "<group>"; };
		0BD9BAE62673A8A9005DD71E /* G-Em-Am.mp3 */ = {isa = PBXFileReference; lastKnownFileType = audio.mp3; path = "G-Em-Am.mp3"; sourceTree = "<group>"; };
		0BD9BAE72673A8A9005DD71E /* A-D-E.mp3 */ = {isa = PBXFileReference; lastKnownFileType = audio.mp3; path = "A-D-E.mp3"; sourceTree = "<group>"; };
		0BD9BAE82673A8A9005DD71E /* C-F-G.mp3 */ = {isa = PBXFileReference; lastKnownFileType = audio.mp3; path = "C-F-G.mp3"; sourceTree = "<group>"; };
		0BD9BAEA2673A8A9005DD71E /* Dm-G.mp3 */ = {isa = PBXFileReference; lastKnownFileType = audio.mp3; path = "Dm-G.mp3"; sourceTree = "<group>"; };
		0BD9BAEB2673A8A9005DD71E /* C-Am.mp3 */ = {isa = PBXFileReference; lastKnownFileType = audio.mp3; path = "C-Am.mp3"; sourceTree = "<group>"; };
		0BD9BAEC2673A8A9005DD71E /* G-A.mp3 */ = {isa = PBXFileReference; lastKnownFileType = audio.mp3; path = "G-A.mp3"; sourceTree = "<group>"; };
		0BD9BAED2673A8A9005DD71E /* A-D.mp3 */ = {isa = PBXFileReference; lastKnownFileType = audio.mp3; path = "A-D.mp3"; sourceTree = "<group>"; };
		0BD9BAEE2673A8A9005DD71E /* C-F.mp3 */ = {isa = PBXFileReference; lastKnownFileType = audio.mp3; path = "C-F.mp3"; sourceTree = "<group>"; };
		0BD9BAEF2673A8A9005DD71E /* G-C.mp3 */ = {isa = PBXFileReference; lastKnownFileType = audio.mp3; path = "G-C.mp3"; sourceTree = "<group>"; };
		0BD9BAF02673A8A9005DD71E /* D-Bm.mp3 */ = {isa = PBXFileReference; lastKnownFileType = audio.mp3; path = "D-Bm.mp3"; sourceTree = "<group>"; };
		0BD9BAF12673A8A9005DD71E /* D-G.mp3 */ = {isa = PBXFileReference; lastKnownFileType = audio.mp3; path = "D-G.mp3"; sourceTree = "<group>"; };
		0BD9BAF22673A8A9005DD71E /* F-G.mp3 */ = {isa = PBXFileReference; lastKnownFileType = audio.mp3; path = "F-G.mp3"; sourceTree = "<group>"; };
		0BD9BAF32673A8A9005DD71E /* Em-A.mp3 */ = {isa = PBXFileReference; lastKnownFileType = audio.mp3; path = "Em-A.mp3"; sourceTree = "<group>"; };
		0BD9BAF52673A8A9005DD71E /* G-Em-Am-D.mp3 */ = {isa = PBXFileReference; lastKnownFileType = audio.mp3; path = "G-Em-Am-D.mp3"; sourceTree = "<group>"; };
		0BD9BAF62673A8A9005DD71E /* G-D-G-C.mp3 */ = {isa = PBXFileReference; lastKnownFileType = audio.mp3; path = "G-D-G-C.mp3"; sourceTree = "<group>"; };
		0BD9BAF72673A8A9005DD71E /* D-G-Bm-A.mp3 */ = {isa = PBXFileReference; lastKnownFileType = audio.mp3; path = "D-G-Bm-A.mp3"; sourceTree = "<group>"; };
		0BD9BAF82673A8A9005DD71E /* D-A-D-G.mp3 */ = {isa = PBXFileReference; lastKnownFileType = audio.mp3; path = "D-A-D-G.mp3"; sourceTree = "<group>"; };
		0BD9BAF92673A8A9005DD71E /* D-F#m-Em-A.mp3 */ = {isa = PBXFileReference; lastKnownFileType = audio.mp3; path = "D-F#m-Em-A.mp3"; sourceTree = "<group>"; };
		0BD9BAFA2673A8A9005DD71E /* G-C-Em-D.mp3 */ = {isa = PBXFileReference; lastKnownFileType = audio.mp3; path = "G-C-Em-D.mp3"; sourceTree = "<group>"; };
		0BD9BAFB2673A8A9005DD71E /* A-F#m-B#m-E.mp3 */ = {isa = PBXFileReference; lastKnownFileType = audio.mp3; path = "A-F#m-B#m-E.mp3"; sourceTree = "<group>"; };
		0BD9BAFC2673A8A9005DD71E /* C-F-Am-G.mp3 */ = {isa = PBXFileReference; lastKnownFileType = audio.mp3; path = "C-F-Am-G.mp3"; sourceTree = "<group>"; };
		0BD9BAFD2673A8A9005DD71E /* C-Am-Dm-G.mp3 */ = {isa = PBXFileReference; lastKnownFileType = audio.mp3; path = "C-Am-Dm-G.mp3"; sourceTree = "<group>"; };
		0BD9BAFE2673A8A9005DD71E /* C-G-C-F.mp3 */ = {isa = PBXFileReference; lastKnownFileType = audio.mp3; path = "C-G-C-F.mp3"; sourceTree = "<group>"; };
		0BD9BB002673A8A9005DD71E /* A.mp3 */ = {isa = PBXFileReference; lastKnownFileType = audio.mp3; path = A.mp3; sourceTree = "<group>"; };
		0BD9BB012673A8A9005DD71E /* am.mp3 */ = {isa = PBXFileReference; lastKnownFileType = audio.mp3; path = am.mp3; sourceTree = "<group>"; };
		0BD9BB022673A8A9005DD71E /* B.mp3 */ = {isa = PBXFileReference; lastKnownFileType = audio.mp3; path = B.mp3; sourceTree = "<group>"; };
		0BD9BB032673A8A9005DD71E /* C.mp3 */ = {isa = PBXFileReference; lastKnownFileType = audio.mp3; path = C.mp3; sourceTree = "<group>"; };
		0BD9BB042673A8A9005DD71E /* C#.mp3 */ = {isa = PBXFileReference; lastKnownFileType = audio.mp3; path = "C#.mp3"; sourceTree = "<group>"; };
		0BD9BB052673A8A9005DD71E /* G.mp3 */ = {isa = PBXFileReference; lastKnownFileType = audio.mp3; path = G.mp3; sourceTree = "<group>"; };
		0BD9BB062673A8A9005DD71E /* F.mp3 */ = {isa = PBXFileReference; lastKnownFileType = audio.mp3; path = F.mp3; sourceTree = "<group>"; };
		0BD9BB072673A8A9005DD71E /* D.mp3 */ = {isa = PBXFileReference; lastKnownFileType = audio.mp3; path = D.mp3; sourceTree = "<group>"; };
		0BD9BB082673A8A9005DD71E /* E.mp3 */ = {isa = PBXFileReference; lastKnownFileType = audio.mp3; path = E.mp3; sourceTree = "<group>"; };
		0BD9BB092673A8A9005DD71E /* D#.mp3 */ = {isa = PBXFileReference; lastKnownFileType = audio.mp3; path = "D#.mp3"; sourceTree = "<group>"; };
		0BD9BB0A2673A8A9005DD71E /* gm.mp3 */ = {isa = PBXFileReference; lastKnownFileType = audio.mp3; path = gm.mp3; sourceTree = "<group>"; };
		0BD9BB0B2673A8A9005DD71E /* fm.mp3 */ = {isa = PBXFileReference; lastKnownFileType = audio.mp3; path = fm.mp3; sourceTree = "<group>"; };
		0BD9BB0C2673A8A9005DD71E /* F#.mp3 */ = {isa = PBXFileReference; lastKnownFileType = audio.mp3; path = "F#.mp3"; sourceTree = "<group>"; };
		0BD9BB0D2673A8A9005DD71E /* g#m.mp3 */ = {isa = PBXFileReference; lastKnownFileType = audio.mp3; path = "g#m.mp3"; sourceTree = "<group>"; };
		0BD9BB0E2673A8A9005DD71E /* em.mp3 */ = {isa = PBXFileReference; lastKnownFileType = audio.mp3; path = em.mp3; sourceTree = "<group>"; };
		0BD9BB0F2673A8A9005DD71E /* dm.mp3 */ = {isa = PBXFileReference; lastKnownFileType = audio.mp3; path = dm.mp3; sourceTree = "<group>"; };
		0BD9BB102673A8A9005DD71E /* a#m.mp3 */ = {isa = PBXFileReference; lastKnownFileType = audio.mp3; path = "a#m.mp3"; sourceTree = "<group>"; };
		0BD9BB112673A8A9005DD71E /* c#m.mp3 */ = {isa = PBXFileReference; lastKnownFileType = audio.mp3; path = "c#m.mp3"; sourceTree = "<group>"; };
		0BD9BB122673A8A9005DD71E /* G#.mp3 */ = {isa = PBXFileReference; lastKnownFileType = audio.mp3; path = "G#.mp3"; sourceTree = "<group>"; };
		0BD9BB132673A8A9005DD71E /* d#m.mp3 */ = {isa = PBXFileReference; lastKnownFileType = audio.mp3; path = "d#m.mp3"; sourceTree = "<group>"; };
		0BD9BB142673A8A9005DD71E /* cm.mp3 */ = {isa = PBXFileReference; lastKnownFileType = audio.mp3; path = cm.mp3; sourceTree = "<group>"; };
		0BD9BB152673A8A9005DD71E /* f#m.mp3 */ = {isa = PBXFileReference; lastKnownFileType = audio.mp3; path = "f#m.mp3"; sourceTree = "<group>"; };
		0BD9BB162673A8A9005DD71E /* A#.mp3 */ = {isa = PBXFileReference; lastKnownFileType = audio.mp3; path = "A#.mp3"; sourceTree = "<group>"; };
		0BD9BB172673A8A9005DD71E /* bm.mp3 */ = {isa = PBXFileReference; lastKnownFileType = audio.mp3; path = bm.mp3; sourceTree = "<group>"; };
		55F130F62669EF23008BFC97 /* GoJreng.app */ = {isa = PBXFileReference; explicitFileType = wrapper.application; includeInIndex = 0; path = GoJreng.app; sourceTree = BUILT_PRODUCTS_DIR; };
		55F130F92669EF23008BFC97 /* AppDelegate.swift */ = {isa = PBXFileReference; lastKnownFileType = sourcecode.swift; path = AppDelegate.swift; sourceTree = "<group>"; };
		55F130FB2669EF23008BFC97 /* SceneDelegate.swift */ = {isa = PBXFileReference; lastKnownFileType = sourcecode.swift; path = SceneDelegate.swift; sourceTree = "<group>"; };
		55F131002669EF23008BFC97 /* Base */ = {isa = PBXFileReference; lastKnownFileType = file.storyboard; name = Base; path = Base.lproj/Main.storyboard; sourceTree = "<group>"; };
		55F131032669EF23008BFC97 /* GoJreng.xcdatamodel */ = {isa = PBXFileReference; lastKnownFileType = wrapper.xcdatamodel; path = GoJreng.xcdatamodel; sourceTree = "<group>"; };
		55F131052669EF26008BFC97 /* Assets.xcassets */ = {isa = PBXFileReference; lastKnownFileType = folder.assetcatalog; path = Assets.xcassets; sourceTree = "<group>"; };
		55F131082669EF26008BFC97 /* Base */ = {isa = PBXFileReference; lastKnownFileType = file.storyboard; name = Base; path = Base.lproj/LaunchScreen.storyboard; sourceTree = "<group>"; };
		55F1310A2669EF26008BFC97 /* Info.plist */ = {isa = PBXFileReference; lastKnownFileType = text.plist.xml; path = Info.plist; sourceTree = "<group>"; };
		55F1310F2669EF26008BFC97 /* GoJrengTests.xctest */ = {isa = PBXFileReference; explicitFileType = wrapper.cfbundle; includeInIndex = 0; path = GoJrengTests.xctest; sourceTree = BUILT_PRODUCTS_DIR; };
		55F131132669EF26008BFC97 /* GoJrengTests.swift */ = {isa = PBXFileReference; lastKnownFileType = sourcecode.swift; path = GoJrengTests.swift; sourceTree = "<group>"; };
		55F131152669EF26008BFC97 /* Info.plist */ = {isa = PBXFileReference; lastKnownFileType = text.plist.xml; path = Info.plist; sourceTree = "<group>"; };
		55F1311A2669EF26008BFC97 /* GoJrengUITests.xctest */ = {isa = PBXFileReference; explicitFileType = wrapper.cfbundle; includeInIndex = 0; path = GoJrengUITests.xctest; sourceTree = BUILT_PRODUCTS_DIR; };
		55F1311E2669EF26008BFC97 /* GoJrengUITests.swift */ = {isa = PBXFileReference; lastKnownFileType = sourcecode.swift; path = GoJrengUITests.swift; sourceTree = "<group>"; };
		55F131202669EF26008BFC97 /* Info.plist */ = {isa = PBXFileReference; lastKnownFileType = text.plist.xml; path = Info.plist; sourceTree = "<group>"; };
		55F131352669EF9A008BFC97 /* HomeViewController.swift */ = {isa = PBXFileReference; lastKnownFileType = sourcecode.swift; path = HomeViewController.swift; sourceTree = "<group>"; };
		55F131DA2672002E008BFC97 /* ExitPresentationController.swift */ = {isa = PBXFileReference; lastKnownFileType = sourcecode.swift; path = ExitPresentationController.swift; sourceTree = "<group>"; };
		55F131E226720187008BFC97 /* ExitOverlayView.xib */ = {isa = PBXFileReference; lastKnownFileType = file.xib; path = ExitOverlayView.xib; sourceTree = "<group>"; };
		55F131EF26720A63008BFC97 /* ExitOverlayView.swift */ = {isa = PBXFileReference; lastKnownFileType = sourcecode.swift; path = ExitOverlayView.swift; sourceTree = "<group>"; };
		8436416F266F76B40060A9CE /* UnlockTableViewCell.swift */ = {isa = PBXFileReference; lastKnownFileType = sourcecode.swift; path = UnlockTableViewCell.swift; sourceTree = "<group>"; };
		84364170266F76B40060A9CE /* UnlockTableViewCell.xib */ = {isa = PBXFileReference; lastKnownFileType = file.xib; path = UnlockTableViewCell.xib; sourceTree = "<group>"; };
		8436417E266F8DC40060A9CE /* LockedTableViewCell.swift */ = {isa = PBXFileReference; lastKnownFileType = sourcecode.swift; path = LockedTableViewCell.swift; sourceTree = "<group>"; };
		8436417F266F8DC40060A9CE /* LockedTableViewCell.xib */ = {isa = PBXFileReference; lastKnownFileType = file.xib; path = LockedTableViewCell.xib; sourceTree = "<group>"; };
		95E254D92670A65900BB39D8 /* GoJrengColors.swift */ = {isa = PBXFileReference; lastKnownFileType = sourcecode.swift; path = GoJrengColors.swift; sourceTree = "<group>"; };
		A5CCC0AC267374A7006F2F42 /* FeedbackPageViewController.swift */ = {isa = PBXFileReference; fileEncoding = 4; lastKnownFileType = sourcecode.swift; path = FeedbackPageViewController.swift; sourceTree = "<group>"; };
		A5CCC0AD267374A7006F2F42 /* FeedbackPage.storyboard */ = {isa = PBXFileReference; fileEncoding = 4; lastKnownFileType = file.storyboard; path = FeedbackPage.storyboard; sourceTree = "<group>"; };
		B5B7AFB22672743000A2F263 /* StagesData.swift */ = {isa = PBXFileReference; lastKnownFileType = sourcecode.swift; path = StagesData.swift; sourceTree = "<group>"; };
		B5E6E1A1266FBD53004C3CBD /* Stages.swift */ = {isa = PBXFileReference; lastKnownFileType = sourcecode.swift; path = Stages.swift; sourceTree = "<group>"; };
		B5FBC108266FBEDC008CA574 /* QuestionsAnswers.swift */ = {isa = PBXFileReference; lastKnownFileType = sourcecode.swift; path = QuestionsAnswers.swift; sourceTree = "<group>"; };
/* End PBXFileReference section */

/* Begin PBXFrameworksBuildPhase section */
		55F130F32669EF23008BFC97 /* Frameworks */ = {
			isa = PBXFrameworksBuildPhase;
			buildActionMask = 2147483647;
			files = (
			);
			runOnlyForDeploymentPostprocessing = 0;
		};
		55F1310C2669EF26008BFC97 /* Frameworks */ = {
			isa = PBXFrameworksBuildPhase;
			buildActionMask = 2147483647;
			files = (
			);
			runOnlyForDeploymentPostprocessing = 0;
		};
		55F131172669EF26008BFC97 /* Frameworks */ = {
			isa = PBXFrameworksBuildPhase;
			buildActionMask = 2147483647;
			files = (
			);
			runOnlyForDeploymentPostprocessing = 0;
		};
/* End PBXFrameworksBuildPhase section */

/* Begin PBXGroup section */
		0B240FAF2672201700058030 /* AnswerPopUp */ = {
			isa = PBXGroup;
			children = (
				0B348D522672087900404EF4 /* BaseModality.storyboard */,
				0B348D572672089400404EF4 /* ModalityViewController.swift */,
				0B348D5C26720E4B00404EF4 /* BaseModalityViewController.swift */,
			);
			path = AnswerPopUp;
			sourceTree = "<group>";
		};
		0B64587D26736413005DAD2B /* Mode1 */ = {
			isa = PBXGroup;
			children = (
				0B64588C2673643D005DAD2B /* Mode1Board.storyboard */,
				0B64588D2673643D005DAD2B /* Mode1ViewController.swift */,
			);
			name = Mode1;
			path = GoJreng/Mode1;
			sourceTree = SOURCE_ROOT;
		};
		0BD9BADC2673A85B005DD71E /* Resources */ = {
			isa = PBXGroup;
			children = (
				0BD9BAE92673A8A9005DD71E /* 2PROG */,
				0BD9BADD2673A8A9005DD71E /* 3PROG */,
				0BD9BAF42673A8A9005DD71E /* 4PROG */,
				0BD9BAFF2673A8A9005DD71E /* satuan */,
			);
			path = Resources;
			sourceTree = "<group>";
		};
		0BD9BADD2673A8A9005DD71E /* 3PROG */ = {
			isa = PBXGroup;
			children = (
				0BD9BADE2673A8A9005DD71E /* C-Am-Dm low.mp3 */,
				0BD9BADF2673A8A9005DD71E /* E-C#m-F#m.mp3 */,
				0BD9BAE02673A8A9005DD71E /* E-A-B.mp3 */,
				0BD9BAE12673A8A9005DD71E /* D-G-A.mp3 */,
				0BD9BAE22673A8A9005DD71E /* C-Am-Dm.mp3 */,
				0BD9BAE32673A8A9005DD71E /* D-Bm-Em.mp3 */,
				0BD9BAE42673A8A9005DD71E /* G-C-D.mp3 */,
				0BD9BAE52673A8A9005DD71E /* Dm-G-C.mp3 */,
				0BD9BAE62673A8A9005DD71E /* G-Em-Am.mp3 */,
				0BD9BAE72673A8A9005DD71E /* A-D-E.mp3 */,
				0BD9BAE82673A8A9005DD71E /* C-F-G.mp3 */,
			);
			path = 3PROG;
			sourceTree = "<group>";
		};
		0BD9BAE92673A8A9005DD71E /* 2PROG */ = {
			isa = PBXGroup;
			children = (
				0BD9BAEA2673A8A9005DD71E /* Dm-G.mp3 */,
				0BD9BAEB2673A8A9005DD71E /* C-Am.mp3 */,
				0BD9BAEC2673A8A9005DD71E /* G-A.mp3 */,
				0BD9BAED2673A8A9005DD71E /* A-D.mp3 */,
				0BD9BAEE2673A8A9005DD71E /* C-F.mp3 */,
				0BD9BAEF2673A8A9005DD71E /* G-C.mp3 */,
				0BD9BAF02673A8A9005DD71E /* D-Bm.mp3 */,
				0BD9BAF12673A8A9005DD71E /* D-G.mp3 */,
				0BD9BAF22673A8A9005DD71E /* F-G.mp3 */,
				0BD9BAF32673A8A9005DD71E /* Em-A.mp3 */,
			);
			path = 2PROG;
			sourceTree = "<group>";
		};
		0BD9BAF42673A8A9005DD71E /* 4PROG */ = {
			isa = PBXGroup;
			children = (
				0BD9BAF52673A8A9005DD71E /* G-Em-Am-D.mp3 */,
				0BD9BAF62673A8A9005DD71E /* G-D-G-C.mp3 */,
				0BD9BAF72673A8A9005DD71E /* D-G-Bm-A.mp3 */,
				0BD9BAF82673A8A9005DD71E /* D-A-D-G.mp3 */,
				0BD9BAF92673A8A9005DD71E /* D-F#m-Em-A.mp3 */,
				0BD9BAFA2673A8A9005DD71E /* G-C-Em-D.mp3 */,
				0BD9BAFB2673A8A9005DD71E /* A-F#m-B#m-E.mp3 */,
				0BD9BAFC2673A8A9005DD71E /* C-F-Am-G.mp3 */,
				0BD9BAFD2673A8A9005DD71E /* C-Am-Dm-G.mp3 */,
				0BD9BAFE2673A8A9005DD71E /* C-G-C-F.mp3 */,
			);
			path = 4PROG;
			sourceTree = "<group>";
		};
		0BD9BAFF2673A8A9005DD71E /* satuan */ = {
			isa = PBXGroup;
			children = (
				0BD9BB002673A8A9005DD71E /* A.mp3 */,
				0BD9BB012673A8A9005DD71E /* am.mp3 */,
				0BD9BB022673A8A9005DD71E /* B.mp3 */,
				0BD9BB032673A8A9005DD71E /* C.mp3 */,
				0BD9BB042673A8A9005DD71E /* C#.mp3 */,
				0BD9BB052673A8A9005DD71E /* G.mp3 */,
				0BD9BB062673A8A9005DD71E /* F.mp3 */,
				0BD9BB072673A8A9005DD71E /* D.mp3 */,
				0BD9BB082673A8A9005DD71E /* E.mp3 */,
				0BD9BB092673A8A9005DD71E /* D#.mp3 */,
				0BD9BB0A2673A8A9005DD71E /* gm.mp3 */,
				0BD9BB0B2673A8A9005DD71E /* fm.mp3 */,
				0BD9BB0C2673A8A9005DD71E /* F#.mp3 */,
				0BD9BB0D2673A8A9005DD71E /* g#m.mp3 */,
				0BD9BB0E2673A8A9005DD71E /* em.mp3 */,
				0BD9BB0F2673A8A9005DD71E /* dm.mp3 */,
				0BD9BB102673A8A9005DD71E /* a#m.mp3 */,
				0BD9BB112673A8A9005DD71E /* c#m.mp3 */,
				0BD9BB122673A8A9005DD71E /* G#.mp3 */,
				0BD9BB132673A8A9005DD71E /* d#m.mp3 */,
				0BD9BB142673A8A9005DD71E /* cm.mp3 */,
				0BD9BB152673A8A9005DD71E /* f#m.mp3 */,
				0BD9BB162673A8A9005DD71E /* A#.mp3 */,
				0BD9BB172673A8A9005DD71E /* bm.mp3 */,
			);
			path = satuan;
			sourceTree = "<group>";
		};
		55F130ED2669EF23008BFC97 = {
			isa = PBXGroup;
			children = (
				55F130F82669EF23008BFC97 /* GoJreng */,
				55F131122669EF26008BFC97 /* GoJrengTests */,
				55F1311D2669EF26008BFC97 /* GoJrengUITests */,
				55F130F72669EF23008BFC97 /* Products */,
			);
			sourceTree = "<group>";
		};
		55F130F72669EF23008BFC97 /* Products */ = {
			isa = PBXGroup;
			children = (
				55F130F62669EF23008BFC97 /* GoJreng.app */,
				55F1310F2669EF26008BFC97 /* GoJrengTests.xctest */,
				55F1311A2669EF26008BFC97 /* GoJrengUITests.xctest */,
			);
			name = Products;
			sourceTree = "<group>";
		};
		55F130F82669EF23008BFC97 /* GoJreng */ = {
			isa = PBXGroup;
			children = (
				0BD9BADC2673A85B005DD71E /* Resources */,
				0B64587D26736413005DAD2B /* Mode1 */,
				95E254D82670A61600BB39D8 /* Themes */,
				B5E6E1A0266FBD42004C3CBD /* Model */,
				849451ED266E7642007287D4 /* Modality */,
				55F131342669EF58008BFC97 /* Mode3 */,
				55F131332669EF52008BFC97 /* Mode2 */,
				55F131312669EF46008BFC97 /* Home */,
				A5CCC0AB267374A7006F2F42 /* Feedback */,
				55F1312F2669EF30008BFC97 /* Utils */,
				55F130F92669EF23008BFC97 /* AppDelegate.swift */,
				55F130FB2669EF23008BFC97 /* SceneDelegate.swift */,
				55F131052669EF26008BFC97 /* Assets.xcassets */,
				55F131072669EF26008BFC97 /* LaunchScreen.storyboard */,
				55F1310A2669EF26008BFC97 /* Info.plist */,
				55F131022669EF23008BFC97 /* GoJreng.xcdatamodeld */,
			);
			path = GoJreng;
			sourceTree = "<group>";
		};
		55F131122669EF26008BFC97 /* GoJrengTests */ = {
			isa = PBXGroup;
			children = (
				55F131132669EF26008BFC97 /* GoJrengTests.swift */,
				55F131152669EF26008BFC97 /* Info.plist */,
			);
			path = GoJrengTests;
			sourceTree = "<group>";
		};
		55F1311D2669EF26008BFC97 /* GoJrengUITests */ = {
			isa = PBXGroup;
			children = (
				55F1311E2669EF26008BFC97 /* GoJrengUITests.swift */,
				55F131202669EF26008BFC97 /* Info.plist */,
			);
			path = GoJrengUITests;
			sourceTree = "<group>";
		};
		55F1312F2669EF30008BFC97 /* Utils */ = {
			isa = PBXGroup;
			children = (
				55F131402669F06F008BFC97 /* Model */,
			);
			path = Utils;
			sourceTree = "<group>";
		};
		55F131312669EF46008BFC97 /* Home */ = {
			isa = PBXGroup;
			children = (
				55F130FF2669EF23008BFC97 /* Main.storyboard */,
				55F131352669EF9A008BFC97 /* HomeViewController.swift */,
				8436416F266F76B40060A9CE /* UnlockTableViewCell.swift */,
				84364170266F76B40060A9CE /* UnlockTableViewCell.xib */,
				8436417E266F8DC40060A9CE /* LockedTableViewCell.swift */,
				8436417F266F8DC40060A9CE /* LockedTableViewCell.xib */,
			);
			path = Home;
			sourceTree = "<group>";
		};
		55F131332669EF52008BFC97 /* Mode2 */ = {
			isa = PBXGroup;
			children = (
			);
			path = Mode2;
			sourceTree = "<group>";
		};
		55F131342669EF58008BFC97 /* Mode3 */ = {
			isa = PBXGroup;
			children = (
			);
			path = Mode3;
			sourceTree = "<group>";
		};
		55F131402669F06F008BFC97 /* Model */ = {
			isa = PBXGroup;
			children = (
			);
			path = Model;
			sourceTree = "<group>";
		};
		55F131D92671FE3E008BFC97 /* Exit */ = {
			isa = PBXGroup;
			children = (
				55F131DA2672002E008BFC97 /* ExitPresentationController.swift */,
				55F131E226720187008BFC97 /* ExitOverlayView.xib */,
				55F131EF26720A63008BFC97 /* ExitOverlayView.swift */,
			);
			path = Exit;
			sourceTree = "<group>";
		};
		849451ED266E7642007287D4 /* Modality */ = {
			isa = PBXGroup;
			children = (
				0B240FAF2672201700058030 /* AnswerPopUp */,
				55F131D92671FE3E008BFC97 /* Exit */,
			);
			path = Modality;
			sourceTree = "<group>";
		};
		95E254D82670A61600BB39D8 /* Themes */ = {
			isa = PBXGroup;
			children = (
				95E254D92670A65900BB39D8 /* GoJrengColors.swift */,
			);
			path = Themes;
			sourceTree = "<group>";
		};
		A5CCC0AB267374A7006F2F42 /* Feedback */ = {
			isa = PBXGroup;
			children = (
				A5CCC0AC267374A7006F2F42 /* FeedbackPageViewController.swift */,
				A5CCC0AD267374A7006F2F42 /* FeedbackPage.storyboard */,
			);
			path = Feedback;
			sourceTree = "<group>";
		};
		B5E6E1A0266FBD42004C3CBD /* Model */ = {
			isa = PBXGroup;
			children = (
				B5E6E1A1266FBD53004C3CBD /* Stages.swift */,
				B5FBC108266FBEDC008CA574 /* QuestionsAnswers.swift */,
				B5B7AFB22672743000A2F263 /* StagesData.swift */,
			);
			path = Model;
			sourceTree = "<group>";
		};
/* End PBXGroup section */

/* Begin PBXNativeTarget section */
		55F130F52669EF23008BFC97 /* GoJreng */ = {
			isa = PBXNativeTarget;
			buildConfigurationList = 55F131232669EF26008BFC97 /* Build configuration list for PBXNativeTarget "GoJreng" */;
			buildPhases = (
				55F130F22669EF23008BFC97 /* Sources */,
				55F130F32669EF23008BFC97 /* Frameworks */,
				55F130F42669EF23008BFC97 /* Resources */,
			);
			buildRules = (
			);
			dependencies = (
			);
			name = GoJreng;
			productName = GoJreng;
			productReference = 55F130F62669EF23008BFC97 /* GoJreng.app */;
			productType = "com.apple.product-type.application";
		};
		55F1310E2669EF26008BFC97 /* GoJrengTests */ = {
			isa = PBXNativeTarget;
			buildConfigurationList = 55F131262669EF26008BFC97 /* Build configuration list for PBXNativeTarget "GoJrengTests" */;
			buildPhases = (
				55F1310B2669EF26008BFC97 /* Sources */,
				55F1310C2669EF26008BFC97 /* Frameworks */,
				55F1310D2669EF26008BFC97 /* Resources */,
			);
			buildRules = (
			);
			dependencies = (
				55F131112669EF26008BFC97 /* PBXTargetDependency */,
			);
			name = GoJrengTests;
			productName = GoJrengTests;
			productReference = 55F1310F2669EF26008BFC97 /* GoJrengTests.xctest */;
			productType = "com.apple.product-type.bundle.unit-test";
		};
		55F131192669EF26008BFC97 /* GoJrengUITests */ = {
			isa = PBXNativeTarget;
			buildConfigurationList = 55F131292669EF26008BFC97 /* Build configuration list for PBXNativeTarget "GoJrengUITests" */;
			buildPhases = (
				55F131162669EF26008BFC97 /* Sources */,
				55F131172669EF26008BFC97 /* Frameworks */,
				55F131182669EF26008BFC97 /* Resources */,
			);
			buildRules = (
			);
			dependencies = (
				55F1311C2669EF26008BFC97 /* PBXTargetDependency */,
			);
			name = GoJrengUITests;
			productName = GoJrengUITests;
			productReference = 55F1311A2669EF26008BFC97 /* GoJrengUITests.xctest */;
			productType = "com.apple.product-type.bundle.ui-testing";
		};
/* End PBXNativeTarget section */

/* Begin PBXProject section */
		55F130EE2669EF23008BFC97 /* Project object */ = {
			isa = PBXProject;
			attributes = {
				KnownAssetTags = (
					11,
					wrongButt,
				);
				LastSwiftUpdateCheck = 1240;
				LastUpgradeCheck = 1240;
				TargetAttributes = {
					55F130F52669EF23008BFC97 = {
						CreatedOnToolsVersion = 12.4;
					};
					55F1310E2669EF26008BFC97 = {
						CreatedOnToolsVersion = 12.4;
						TestTargetID = 55F130F52669EF23008BFC97;
					};
					55F131192669EF26008BFC97 = {
						CreatedOnToolsVersion = 12.4;
						TestTargetID = 55F130F52669EF23008BFC97;
					};
				};
			};
			buildConfigurationList = 55F130F12669EF23008BFC97 /* Build configuration list for PBXProject "GoJreng" */;
			compatibilityVersion = "Xcode 9.3";
			developmentRegion = en;
			hasScannedForEncodings = 0;
			knownRegions = (
				en,
				Base,
			);
			mainGroup = 55F130ED2669EF23008BFC97;
			productRefGroup = 55F130F72669EF23008BFC97 /* Products */;
			projectDirPath = "";
			projectRoot = "";
			targets = (
				55F130F52669EF23008BFC97 /* GoJreng */,
				55F1310E2669EF26008BFC97 /* GoJrengTests */,
				55F131192669EF26008BFC97 /* GoJrengUITests */,
			);
		};
/* End PBXProject section */

/* Begin PBXResourcesBuildPhase section */
		55F130F42669EF23008BFC97 /* Resources */ = {
			isa = PBXResourcesBuildPhase;
			buildActionMask = 2147483647;
			files = (
				0BD9BB3B2673A8A9005DD71E /* C#.mp3 in Resources */,
				0BD9BB282673A8A9005DD71E /* G-C.mp3 in Resources */,
				0BD9BB232673A8A9005DD71E /* Dm-G.mp3 in Resources */,
				0BD9BB302673A8A9005DD71E /* D-A-D-G.mp3 in Resources */,
				0BD9BB372673A8A9005DD71E /* A.mp3 in Resources */,
				0BD9BB1B2673A8A9005DD71E /* D-G-A.mp3 in Resources */,
				0BD9BB1D2673A8A9005DD71E /* D-Bm-Em.mp3 in Resources */,
				0BD9BB432673A8A9005DD71E /* F#.mp3 in Resources */,
				A5CCC0AF267374A7006F2F42 /* FeedbackPage.storyboard in Resources */,
				0BD9BB2E2673A8A9005DD71E /* G-D-G-C.mp3 in Resources */,
				0BD9BB4B2673A8A9005DD71E /* cm.mp3 in Resources */,
				0BD9BB2D2673A8A9005DD71E /* G-Em-Am-D.mp3 in Resources */,
				0BD9BB242673A8A9005DD71E /* C-Am.mp3 in Resources */,
				0B348D532672087900404EF4 /* BaseModality.storyboard in Resources */,
				55F131092669EF26008BFC97 /* LaunchScreen.storyboard in Resources */,
				0BD9BB3D2673A8A9005DD71E /* F.mp3 in Resources */,
				0BD9BB362673A8A9005DD71E /* C-G-C-F.mp3 in Resources */,
				0BD9BB1F2673A8A9005DD71E /* Dm-G-C.mp3 in Resources */,
				0BD9BB272673A8A9005DD71E /* C-F.mp3 in Resources */,
				0BD9BB4E2673A8A9005DD71E /* bm.mp3 in Resources */,
				0BD9BB482673A8A9005DD71E /* c#m.mp3 in Resources */,
				0B64588E2673643D005DAD2B /* Mode1Board.storyboard in Resources */,
				55F131062669EF26008BFC97 /* Assets.xcassets in Resources */,
				0BD9BB352673A8A9005DD71E /* C-Am-Dm-G.mp3 in Resources */,
				0BD9BB472673A8A9005DD71E /* a#m.mp3 in Resources */,
				0BD9BB2C2673A8A9005DD71E /* Em-A.mp3 in Resources */,
				0BD9BB1A2673A8A9005DD71E /* E-A-B.mp3 in Resources */,
				0BD9BB2B2673A8A9005DD71E /* F-G.mp3 in Resources */,
				0BD9BB2A2673A8A9005DD71E /* D-G.mp3 in Resources */,
				0BD9BB4D2673A8A9005DD71E /* A#.mp3 in Resources */,
				0BD9BB452673A8A9005DD71E /* em.mp3 in Resources */,
				0BD9BB4C2673A8A9005DD71E /* f#m.mp3 in Resources */,
				0BD9BB3A2673A8A9005DD71E /* C.mp3 in Resources */,
				0BD9BB402673A8A9005DD71E /* D#.mp3 in Resources */,
				0BD9BB182673A8A9005DD71E /* C-Am-Dm low.mp3 in Resources */,
				55F131012669EF23008BFC97 /* Main.storyboard in Resources */,
				0BD9BB412673A8A9005DD71E /* gm.mp3 in Resources */,
				0BD9BB342673A8A9005DD71E /* C-F-Am-G.mp3 in Resources */,
				0BD9BB1C2673A8A9005DD71E /* C-Am-Dm.mp3 in Resources */,
				0BD9BB202673A8A9005DD71E /* G-Em-Am.mp3 in Resources */,
				0BD9BB262673A8A9005DD71E /* A-D.mp3 in Resources */,
				0BD9BB292673A8A9005DD71E /* D-Bm.mp3 in Resources */,
				0BD9BB332673A8A9005DD71E /* A-F#m-B#m-E.mp3 in Resources */,
				0BD9BB462673A8A9005DD71E /* dm.mp3 in Resources */,
				0BD9BB492673A8A9005DD71E /* G#.mp3 in Resources */,
				55F131E326720187008BFC97 /* ExitOverlayView.xib in Resources */,
				0BD9BB192673A8A9005DD71E /* E-C#m-F#m.mp3 in Resources */,
				0BD9BB392673A8A9005DD71E /* B.mp3 in Resources */,
				84364172266F76B40060A9CE /* UnlockTableViewCell.xib in Resources */,
				0BD9BB422673A8A9005DD71E /* fm.mp3 in Resources */,
				0BD9BB3C2673A8A9005DD71E /* G.mp3 in Resources */,
				0BD9BB442673A8A9005DD71E /* g#m.mp3 in Resources */,
				84364181266F8DC40060A9CE /* LockedTableViewCell.xib in Resources */,
				0BD9BB3E2673A8A9005DD71E /* D.mp3 in Resources */,
				0BD9BB222673A8A9005DD71E /* C-F-G.mp3 in Resources */,
				0BD9BB312673A8A9005DD71E /* D-F#m-Em-A.mp3 in Resources */,
				0BD9BB252673A8A9005DD71E /* G-A.mp3 in Resources */,
				0BD9BB2F2673A8A9005DD71E /* D-G-Bm-A.mp3 in Resources */,
				0BD9BB322673A8A9005DD71E /* G-C-Em-D.mp3 in Resources */,
				0BD9BB1E2673A8A9005DD71E /* G-C-D.mp3 in Resources */,
				0BD9BB382673A8A9005DD71E /* am.mp3 in Resources */,
				0BD9BB4A2673A8A9005DD71E /* d#m.mp3 in Resources */,
				0BD9BB212673A8A9005DD71E /* A-D-E.mp3 in Resources */,
				0BD9BB3F2673A8A9005DD71E /* E.mp3 in Resources */,
			);
			runOnlyForDeploymentPostprocessing = 0;
		};
		55F1310D2669EF26008BFC97 /* Resources */ = {
			isa = PBXResourcesBuildPhase;
			buildActionMask = 2147483647;
			files = (
			);
			runOnlyForDeploymentPostprocessing = 0;
		};
		55F131182669EF26008BFC97 /* Resources */ = {
			isa = PBXResourcesBuildPhase;
			buildActionMask = 2147483647;
			files = (
			);
			runOnlyForDeploymentPostprocessing = 0;
		};
/* End PBXResourcesBuildPhase section */

/* Begin PBXSourcesBuildPhase section */
		55F130F22669EF23008BFC97 /* Sources */ = {
			isa = PBXSourcesBuildPhase;
			buildActionMask = 2147483647;
			files = (
				84364171266F76B40060A9CE /* UnlockTableViewCell.swift in Sources */,
				A5CCC0AE267374A7006F2F42 /* FeedbackPageViewController.swift in Sources */,
				55F131F026720A63008BFC97 /* ExitOverlayView.swift in Sources */,
				84364180266F8DC40060A9CE /* LockedTableViewCell.swift in Sources */,
				0B64588F2673643D005DAD2B /* Mode1ViewController.swift in Sources */,
				55F131362669EF9A008BFC97 /* HomeViewController.swift in Sources */,
				55F131042669EF23008BFC97 /* GoJreng.xcdatamodeld in Sources */,
				55F130FA2669EF23008BFC97 /* AppDelegate.swift in Sources */,
				0B348D582672089400404EF4 /* ModalityViewController.swift in Sources */,
				55F131DB2672002E008BFC97 /* ExitPresentationController.swift in Sources */,
				B5FBC109266FBEDC008CA574 /* QuestionsAnswers.swift in Sources */,
				B5E6E1A2266FBD53004C3CBD /* Stages.swift in Sources */,
				B5B7AFB32672743000A2F263 /* StagesData.swift in Sources */,
				0B348D5D26720E4B00404EF4 /* BaseModalityViewController.swift in Sources */,
				55F130FC2669EF23008BFC97 /* SceneDelegate.swift in Sources */,
				95E254DA2670A65900BB39D8 /* GoJrengColors.swift in Sources */,
			);
			runOnlyForDeploymentPostprocessing = 0;
		};
		55F1310B2669EF26008BFC97 /* Sources */ = {
			isa = PBXSourcesBuildPhase;
			buildActionMask = 2147483647;
			files = (
				55F131142669EF26008BFC97 /* GoJrengTests.swift in Sources */,
			);
			runOnlyForDeploymentPostprocessing = 0;
		};
		55F131162669EF26008BFC97 /* Sources */ = {
			isa = PBXSourcesBuildPhase;
			buildActionMask = 2147483647;
			files = (
				55F1311F2669EF26008BFC97 /* GoJrengUITests.swift in Sources */,
			);
			runOnlyForDeploymentPostprocessing = 0;
		};
/* End PBXSourcesBuildPhase section */

/* Begin PBXTargetDependency section */
		55F131112669EF26008BFC97 /* PBXTargetDependency */ = {
			isa = PBXTargetDependency;
			target = 55F130F52669EF23008BFC97 /* GoJreng */;
			targetProxy = 55F131102669EF26008BFC97 /* PBXContainerItemProxy */;
		};
		55F1311C2669EF26008BFC97 /* PBXTargetDependency */ = {
			isa = PBXTargetDependency;
			target = 55F130F52669EF23008BFC97 /* GoJreng */;
			targetProxy = 55F1311B2669EF26008BFC97 /* PBXContainerItemProxy */;
		};
/* End PBXTargetDependency section */

/* Begin PBXVariantGroup section */
		55F130FF2669EF23008BFC97 /* Main.storyboard */ = {
			isa = PBXVariantGroup;
			children = (
				55F131002669EF23008BFC97 /* Base */,
			);
			name = Main.storyboard;
			sourceTree = "<group>";
		};
		55F131072669EF26008BFC97 /* LaunchScreen.storyboard */ = {
			isa = PBXVariantGroup;
			children = (
				55F131082669EF26008BFC97 /* Base */,
			);
			name = LaunchScreen.storyboard;
			sourceTree = "<group>";
		};
/* End PBXVariantGroup section */

/* Begin XCBuildConfiguration section */
		55F131212669EF26008BFC97 /* Debug */ = {
			isa = XCBuildConfiguration;
			buildSettings = {
				ALWAYS_SEARCH_USER_PATHS = NO;
				CLANG_ANALYZER_NONNULL = YES;
				CLANG_ANALYZER_NUMBER_OBJECT_CONVERSION = YES_AGGRESSIVE;
				CLANG_CXX_LANGUAGE_STANDARD = "gnu++14";
				CLANG_CXX_LIBRARY = "libc++";
				CLANG_ENABLE_MODULES = YES;
				CLANG_ENABLE_OBJC_ARC = YES;
				CLANG_ENABLE_OBJC_WEAK = YES;
				CLANG_WARN_BLOCK_CAPTURE_AUTORELEASING = YES;
				CLANG_WARN_BOOL_CONVERSION = YES;
				CLANG_WARN_COMMA = YES;
				CLANG_WARN_CONSTANT_CONVERSION = YES;
				CLANG_WARN_DEPRECATED_OBJC_IMPLEMENTATIONS = YES;
				CLANG_WARN_DIRECT_OBJC_ISA_USAGE = YES_ERROR;
				CLANG_WARN_DOCUMENTATION_COMMENTS = YES;
				CLANG_WARN_EMPTY_BODY = YES;
				CLANG_WARN_ENUM_CONVERSION = YES;
				CLANG_WARN_INFINITE_RECURSION = YES;
				CLANG_WARN_INT_CONVERSION = YES;
				CLANG_WARN_NON_LITERAL_NULL_CONVERSION = YES;
				CLANG_WARN_OBJC_IMPLICIT_RETAIN_SELF = YES;
				CLANG_WARN_OBJC_LITERAL_CONVERSION = YES;
				CLANG_WARN_OBJC_ROOT_CLASS = YES_ERROR;
				CLANG_WARN_QUOTED_INCLUDE_IN_FRAMEWORK_HEADER = YES;
				CLANG_WARN_RANGE_LOOP_ANALYSIS = YES;
				CLANG_WARN_STRICT_PROTOTYPES = YES;
				CLANG_WARN_SUSPICIOUS_MOVE = YES;
				CLANG_WARN_UNGUARDED_AVAILABILITY = YES_AGGRESSIVE;
				CLANG_WARN_UNREACHABLE_CODE = YES;
				CLANG_WARN__DUPLICATE_METHOD_MATCH = YES;
				COPY_PHASE_STRIP = NO;
				DEBUG_INFORMATION_FORMAT = dwarf;
				ENABLE_STRICT_OBJC_MSGSEND = YES;
				ENABLE_TESTABILITY = YES;
				GCC_C_LANGUAGE_STANDARD = gnu11;
				GCC_DYNAMIC_NO_PIC = NO;
				GCC_NO_COMMON_BLOCKS = YES;
				GCC_OPTIMIZATION_LEVEL = 0;
				GCC_PREPROCESSOR_DEFINITIONS = (
					"DEBUG=1",
					"$(inherited)",
				);
				GCC_WARN_64_TO_32_BIT_CONVERSION = YES;
				GCC_WARN_ABOUT_RETURN_TYPE = YES_ERROR;
				GCC_WARN_UNDECLARED_SELECTOR = YES;
				GCC_WARN_UNINITIALIZED_AUTOS = YES_AGGRESSIVE;
				GCC_WARN_UNUSED_FUNCTION = YES;
				GCC_WARN_UNUSED_VARIABLE = YES;
				IPHONEOS_DEPLOYMENT_TARGET = 14.4;
				MTL_ENABLE_DEBUG_INFO = INCLUDE_SOURCE;
				MTL_FAST_MATH = YES;
				ONLY_ACTIVE_ARCH = YES;
				SDKROOT = iphoneos;
				SWIFT_ACTIVE_COMPILATION_CONDITIONS = DEBUG;
				SWIFT_OPTIMIZATION_LEVEL = "-Onone";
			};
			name = Debug;
		};
		55F131222669EF26008BFC97 /* Release */ = {
			isa = XCBuildConfiguration;
			buildSettings = {
				ALWAYS_SEARCH_USER_PATHS = NO;
				CLANG_ANALYZER_NONNULL = YES;
				CLANG_ANALYZER_NUMBER_OBJECT_CONVERSION = YES_AGGRESSIVE;
				CLANG_CXX_LANGUAGE_STANDARD = "gnu++14";
				CLANG_CXX_LIBRARY = "libc++";
				CLANG_ENABLE_MODULES = YES;
				CLANG_ENABLE_OBJC_ARC = YES;
				CLANG_ENABLE_OBJC_WEAK = YES;
				CLANG_WARN_BLOCK_CAPTURE_AUTORELEASING = YES;
				CLANG_WARN_BOOL_CONVERSION = YES;
				CLANG_WARN_COMMA = YES;
				CLANG_WARN_CONSTANT_CONVERSION = YES;
				CLANG_WARN_DEPRECATED_OBJC_IMPLEMENTATIONS = YES;
				CLANG_WARN_DIRECT_OBJC_ISA_USAGE = YES_ERROR;
				CLANG_WARN_DOCUMENTATION_COMMENTS = YES;
				CLANG_WARN_EMPTY_BODY = YES;
				CLANG_WARN_ENUM_CONVERSION = YES;
				CLANG_WARN_INFINITE_RECURSION = YES;
				CLANG_WARN_INT_CONVERSION = YES;
				CLANG_WARN_NON_LITERAL_NULL_CONVERSION = YES;
				CLANG_WARN_OBJC_IMPLICIT_RETAIN_SELF = YES;
				CLANG_WARN_OBJC_LITERAL_CONVERSION = YES;
				CLANG_WARN_OBJC_ROOT_CLASS = YES_ERROR;
				CLANG_WARN_QUOTED_INCLUDE_IN_FRAMEWORK_HEADER = YES;
				CLANG_WARN_RANGE_LOOP_ANALYSIS = YES;
				CLANG_WARN_STRICT_PROTOTYPES = YES;
				CLANG_WARN_SUSPICIOUS_MOVE = YES;
				CLANG_WARN_UNGUARDED_AVAILABILITY = YES_AGGRESSIVE;
				CLANG_WARN_UNREACHABLE_CODE = YES;
				CLANG_WARN__DUPLICATE_METHOD_MATCH = YES;
				COPY_PHASE_STRIP = NO;
				DEBUG_INFORMATION_FORMAT = "dwarf-with-dsym";
				ENABLE_NS_ASSERTIONS = NO;
				ENABLE_STRICT_OBJC_MSGSEND = YES;
				GCC_C_LANGUAGE_STANDARD = gnu11;
				GCC_NO_COMMON_BLOCKS = YES;
				GCC_WARN_64_TO_32_BIT_CONVERSION = YES;
				GCC_WARN_ABOUT_RETURN_TYPE = YES_ERROR;
				GCC_WARN_UNDECLARED_SELECTOR = YES;
				GCC_WARN_UNINITIALIZED_AUTOS = YES_AGGRESSIVE;
				GCC_WARN_UNUSED_FUNCTION = YES;
				GCC_WARN_UNUSED_VARIABLE = YES;
				IPHONEOS_DEPLOYMENT_TARGET = 14.4;
				MTL_ENABLE_DEBUG_INFO = NO;
				MTL_FAST_MATH = YES;
				SDKROOT = iphoneos;
				SWIFT_COMPILATION_MODE = wholemodule;
				SWIFT_OPTIMIZATION_LEVEL = "-O";
				VALIDATE_PRODUCT = YES;
			};
			name = Release;
		};
		55F131242669EF26008BFC97 /* Debug */ = {
			isa = XCBuildConfiguration;
			buildSettings = {
				ASSETCATALOG_COMPILER_APPICON_NAME = AppIcon;
				ASSETCATALOG_COMPILER_GLOBAL_ACCENT_COLOR_NAME = AccentColor;
				CODE_SIGN_STYLE = Automatic;
				DEVELOPMENT_TEAM = ND4DZWJCVY;
				INFOPLIST_FILE = GoJreng/Info.plist;
				LD_RUNPATH_SEARCH_PATHS = (
					"$(inherited)",
					"@executable_path/Frameworks",
				);
				PRODUCT_BUNDLE_IDENTIFIER = AppleAcademy.GoJreng;
				PRODUCT_NAME = "$(TARGET_NAME)";
				SWIFT_VERSION = 5.0;
				TARGETED_DEVICE_FAMILY = "1,2";
			};
			name = Debug;
		};
		55F131252669EF26008BFC97 /* Release */ = {
			isa = XCBuildConfiguration;
			buildSettings = {
				ASSETCATALOG_COMPILER_APPICON_NAME = AppIcon;
				ASSETCATALOG_COMPILER_GLOBAL_ACCENT_COLOR_NAME = AccentColor;
				CODE_SIGN_STYLE = Automatic;
				DEVELOPMENT_TEAM = ND4DZWJCVY;
				INFOPLIST_FILE = GoJreng/Info.plist;
				LD_RUNPATH_SEARCH_PATHS = (
					"$(inherited)",
					"@executable_path/Frameworks",
				);
				PRODUCT_BUNDLE_IDENTIFIER = AppleAcademy.GoJreng;
				PRODUCT_NAME = "$(TARGET_NAME)";
				SWIFT_VERSION = 5.0;
				TARGETED_DEVICE_FAMILY = "1,2";
			};
			name = Release;
		};
		55F131272669EF26008BFC97 /* Debug */ = {
			isa = XCBuildConfiguration;
			buildSettings = {
				ALWAYS_EMBED_SWIFT_STANDARD_LIBRARIES = YES;
				BUNDLE_LOADER = "$(TEST_HOST)";
				CODE_SIGN_STYLE = Automatic;
				DEVELOPMENT_TEAM = ND4DZWJCVY;
				INFOPLIST_FILE = GoJrengTests/Info.plist;
				IPHONEOS_DEPLOYMENT_TARGET = 14.4;
				LD_RUNPATH_SEARCH_PATHS = (
					"$(inherited)",
					"@executable_path/Frameworks",
					"@loader_path/Frameworks",
				);
				PRODUCT_BUNDLE_IDENTIFIER = AppleAcademy.GoJrengTests;
				PRODUCT_NAME = "$(TARGET_NAME)";
				SWIFT_VERSION = 5.0;
				TARGETED_DEVICE_FAMILY = "1,2";
				TEST_HOST = "$(BUILT_PRODUCTS_DIR)/GoJreng.app/GoJreng";
			};
			name = Debug;
		};
		55F131282669EF26008BFC97 /* Release */ = {
			isa = XCBuildConfiguration;
			buildSettings = {
				ALWAYS_EMBED_SWIFT_STANDARD_LIBRARIES = YES;
				BUNDLE_LOADER = "$(TEST_HOST)";
				CODE_SIGN_STYLE = Automatic;
				DEVELOPMENT_TEAM = ND4DZWJCVY;
				INFOPLIST_FILE = GoJrengTests/Info.plist;
				IPHONEOS_DEPLOYMENT_TARGET = 14.4;
				LD_RUNPATH_SEARCH_PATHS = (
					"$(inherited)",
					"@executable_path/Frameworks",
					"@loader_path/Frameworks",
				);
				PRODUCT_BUNDLE_IDENTIFIER = AppleAcademy.GoJrengTests;
				PRODUCT_NAME = "$(TARGET_NAME)";
				SWIFT_VERSION = 5.0;
				TARGETED_DEVICE_FAMILY = "1,2";
				TEST_HOST = "$(BUILT_PRODUCTS_DIR)/GoJreng.app/GoJreng";
			};
			name = Release;
		};
		55F1312A2669EF26008BFC97 /* Debug */ = {
			isa = XCBuildConfiguration;
			buildSettings = {
				ALWAYS_EMBED_SWIFT_STANDARD_LIBRARIES = YES;
				CODE_SIGN_STYLE = Automatic;
				DEVELOPMENT_TEAM = ND4DZWJCVY;
				INFOPLIST_FILE = GoJrengUITests/Info.plist;
				LD_RUNPATH_SEARCH_PATHS = (
					"$(inherited)",
					"@executable_path/Frameworks",
					"@loader_path/Frameworks",
				);
				PRODUCT_BUNDLE_IDENTIFIER = AppleAcademy.GoJrengUITests;
				PRODUCT_NAME = "$(TARGET_NAME)";
				SWIFT_VERSION = 5.0;
				TARGETED_DEVICE_FAMILY = "1,2";
				TEST_TARGET_NAME = GoJreng;
			};
			name = Debug;
		};
		55F1312B2669EF26008BFC97 /* Release */ = {
			isa = XCBuildConfiguration;
			buildSettings = {
				ALWAYS_EMBED_SWIFT_STANDARD_LIBRARIES = YES;
				CODE_SIGN_STYLE = Automatic;
				DEVELOPMENT_TEAM = ND4DZWJCVY;
				INFOPLIST_FILE = GoJrengUITests/Info.plist;
				LD_RUNPATH_SEARCH_PATHS = (
					"$(inherited)",
					"@executable_path/Frameworks",
					"@loader_path/Frameworks",
				);
				PRODUCT_BUNDLE_IDENTIFIER = AppleAcademy.GoJrengUITests;
				PRODUCT_NAME = "$(TARGET_NAME)";
				SWIFT_VERSION = 5.0;
				TARGETED_DEVICE_FAMILY = "1,2";
				TEST_TARGET_NAME = GoJreng;
			};
			name = Release;
		};
/* End XCBuildConfiguration section */

/* Begin XCConfigurationList section */
		55F130F12669EF23008BFC97 /* Build configuration list for PBXProject "GoJreng" */ = {
			isa = XCConfigurationList;
			buildConfigurations = (
				55F131212669EF26008BFC97 /* Debug */,
				55F131222669EF26008BFC97 /* Release */,
			);
			defaultConfigurationIsVisible = 0;
			defaultConfigurationName = Release;
		};
		55F131232669EF26008BFC97 /* Build configuration list for PBXNativeTarget "GoJreng" */ = {
			isa = XCConfigurationList;
			buildConfigurations = (
				55F131242669EF26008BFC97 /* Debug */,
				55F131252669EF26008BFC97 /* Release */,
			);
			defaultConfigurationIsVisible = 0;
			defaultConfigurationName = Release;
		};
		55F131262669EF26008BFC97 /* Build configuration list for PBXNativeTarget "GoJrengTests" */ = {
			isa = XCConfigurationList;
			buildConfigurations = (
				55F131272669EF26008BFC97 /* Debug */,
				55F131282669EF26008BFC97 /* Release */,
			);
			defaultConfigurationIsVisible = 0;
			defaultConfigurationName = Release;
		};
		55F131292669EF26008BFC97 /* Build configuration list for PBXNativeTarget "GoJrengUITests" */ = {
			isa = XCConfigurationList;
			buildConfigurations = (
				55F1312A2669EF26008BFC97 /* Debug */,
				55F1312B2669EF26008BFC97 /* Release */,
			);
			defaultConfigurationIsVisible = 0;
			defaultConfigurationName = Release;
		};
/* End XCConfigurationList section */

/* Begin XCVersionGroup section */
		55F131022669EF23008BFC97 /* GoJreng.xcdatamodeld */ = {
			isa = XCVersionGroup;
			children = (
				55F131032669EF23008BFC97 /* GoJreng.xcdatamodel */,
			);
			currentVersion = 55F131032669EF23008BFC97 /* GoJreng.xcdatamodel */;
			path = GoJreng.xcdatamodeld;
			sourceTree = "<group>";
			versionGroupType = wrapper.xcdatamodel;
		};
/* End XCVersionGroup section */
	};
	rootObject = 55F130EE2669EF23008BFC97 /* Project object */;
}
